
Microsoft Visual Studio Solution File, Format Version 12.00
# Visual Studio Version 17
VisualStudioVersion = 17.5.33414.496
MinimumVisualStudioVersion = 10.0.40219.1
Project("{FAE04EC0-301F-11D3-BF4B-00C04F79EFBC}") = "GUIEvents", "GUIEvents\GUIEvents.csproj", "{62D6372C-A2BF-4258-B928-0A89748C589E}"
EndProject
Global
	GlobalSection(SolutionConfigurationPlatforms) = preSolution
		Debug|Any CPU = Debug|Any CPU
		Release|Any CPU = Release|Any CPU
	EndGlobalSection
	GlobalSection(ProjectConfigurationPlatforms) = postSolution
		{62D6372C-A2BF-4258-B928-0A89748C589E}.Debug|Any CPU.ActiveCfg = Debug|Any CPU
		{62D6372C-A2BF-4258-B928-0A89748C589E}.Debug|Any CPU.Build.0 = Debug|Any CPU
		{62D6372C-A2BF-4258-B928-0A89748C589E}.Release|Any CPU.ActiveCfg = Release|Any CPU
		{62D6372C-A2BF-4258-B928-0A89748C589E}.Release|Any CPU.Build.0 = Release|Any CPU
	EndGlobalSection
	GlobalSection(SolutionProperties) = preSolution
		HideSolutionNode = FALSE
	EndGlobalSection
	GlobalSection(ExtensibilityGlobals) = postSolution
		SolutionGuid = {59812742-A9A7-4ED0-A3CB-6714D50CEBE7}
	EndGlobalSection
EndGlobal
